// !$*UTF8*$!
{
	archiveVersion = 1;
	classes = {
	};
	objectVersion = 48;
	objects = {

/* Begin PBXBuildFile section */
		AD490F762034DE9C00F81C87 /* QuestionManager.m in Sources */ = {isa = PBXBuildFile; fileRef = AD490F752034DE9C00F81C87 /* QuestionManager.m */; };
		AD490F7920352DB300F81C87 /* AdditionQuestion.m in Sources */ = {isa = PBXBuildFile; fileRef = AD490F7820352DB300F81C87 /* AdditionQuestion.m */; };
		AD490F7C20352DC200F81C87 /* SubtractionQuestion.m in Sources */ = {isa = PBXBuildFile; fileRef = AD490F7B20352DC200F81C87 /* SubtractionQuestion.m */; };
		AD490F7F20352DD100F81C87 /* MultiplicationQuestion.m in Sources */ = {isa = PBXBuildFile; fileRef = AD490F7E20352DD100F81C87 /* MultiplicationQuestion.m */; };
		AD490F8220352DE000F81C87 /* DivisionQuestion.m in Sources */ = {isa = PBXBuildFile; fileRef = AD490F8120352DE000F81C87 /* DivisionQuestion.m */; };
		AD490F852035335300F81C87 /* QuestionFactory.m in Sources */ = {isa = PBXBuildFile; fileRef = AD490F842035335300F81C87 /* QuestionFactory.m */; };
		ADD55FB32033921100AB85A4 /* main.m in Sources */ = {isa = PBXBuildFile; fileRef = ADD55FB22033921100AB85A4 /* main.m */; };
		ADD55FBB20339B6500AB85A4 /* Question.m in Sources */ = {isa = PBXBuildFile; fileRef = ADD55FBA20339B6500AB85A4 /* Question.m */; };
		ADD55FBE2033C52500AB85A4 /* InputHandler.m in Sources */ = {isa = PBXBuildFile; fileRef = ADD55FBD2033C52500AB85A4 /* InputHandler.m */; };
		ADD55FC12033CEB500AB85A4 /* ScoreKeeper.m in Sources */ = {isa = PBXBuildFile; fileRef = ADD55FC02033CEB500AB85A4 /* ScoreKeeper.m */; };
/* End PBXBuildFile section */

/* Begin PBXCopyFilesBuildPhase section */
		ADD55FAD2033921100AB85A4 /* CopyFiles */ = {
			isa = PBXCopyFilesBuildPhase;
			buildActionMask = 2147483647;
			dstPath = /usr/share/man/man1/;
			dstSubfolderSpec = 0;
			files = (
			);
			runOnlyForDeploymentPostprocessing = 1;
		};
/* End PBXCopyFilesBuildPhase section */

/* Begin PBXFileReference section */
		AD490F742034DE9C00F81C87 /* QuestionManager.h */ = {isa = PBXFileReference; lastKnownFileType = sourcecode.c.h; path = QuestionManager.h; sourceTree = "<group>"; };
		AD490F752034DE9C00F81C87 /* QuestionManager.m */ = {isa = PBXFileReference; lastKnownFileType = sourcecode.c.objc; path = QuestionManager.m; sourceTree = "<group>"; };
		AD490F7720352DB300F81C87 /* AdditionQuestion.h */ = {isa = PBXFileReference; lastKnownFileType = sourcecode.c.h; path = AdditionQuestion.h; sourceTree = "<group>"; };
		AD490F7820352DB300F81C87 /* AdditionQuestion.m */ = {isa = PBXFileReference; lastKnownFileType = sourcecode.c.objc; path = AdditionQuestion.m; sourceTree = "<group>"; };
		AD490F7A20352DC200F81C87 /* SubtractionQuestion.h */ = {isa = PBXFileReference; lastKnownFileType = sourcecode.c.h; path = SubtractionQuestion.h; sourceTree = "<group>"; };
		AD490F7B20352DC200F81C87 /* SubtractionQuestion.m */ = {isa = PBXFileReference; lastKnownFileType = sourcecode.c.objc; path = SubtractionQuestion.m; sourceTree = "<group>"; };
		AD490F7D20352DD100F81C87 /* MultiplicationQuestion.h */ = {isa = PBXFileReference; lastKnownFileType = sourcecode.c.h; path = MultiplicationQuestion.h; sourceTree = "<group>"; };
		AD490F7E20352DD100F81C87 /* MultiplicationQuestion.m */ = {isa = PBXFileReference; lastKnownFileType = sourcecode.c.objc; path = MultiplicationQuestion.m; sourceTree = "<group>"; };
		AD490F8020352DE000F81C87 /* DivisionQuestion.h */ = {isa = PBXFileReference; lastKnownFileType = sourcecode.c.h; path = DivisionQuestion.h; sourceTree = "<group>"; };
		AD490F8120352DE000F81C87 /* DivisionQuestion.m */ = {isa = PBXFileReference; lastKnownFileType = sourcecode.c.objc; path = DivisionQuestion.m; sourceTree = "<group>"; };
		AD490F832035335300F81C87 /* QuestionFactory.h */ = {isa = PBXFileReference; lastKnownFileType = sourcecode.c.h; path = QuestionFactory.h; sourceTree = "<group>"; };
		AD490F842035335300F81C87 /* QuestionFactory.m */ = {isa = PBXFileReference; lastKnownFileType = sourcecode.c.objc; path = QuestionFactory.m; sourceTree = "<group>"; };
		ADD55FAF2033921100AB85A4 /* Maths */ = {isa = PBXFileReference; explicitFileType = "compiled.mach-o.executable"; includeInIndex = 0; path = Maths; sourceTree = BUILT_PRODUCTS_DIR; };
		ADD55FB22033921100AB85A4 /* main.m */ = {isa = PBXFileReference; lastKnownFileType = sourcecode.c.objc; path = main.m; sourceTree = "<group>"; };
		ADD55FB920339B6500AB85A4 /* Question.h */ = {isa = PBXFileReference; lastKnownFileType = sourcecode.c.h; path = Question.h; sourceTree = "<group>"; };
		ADD55FBA20339B6500AB85A4 /* Question.m */ = {isa = PBXFileReference; lastKnownFileType = sourcecode.c.objc; path = Question.m; sourceTree = "<group>"; };
		ADD55FBC2033C52500AB85A4 /* InputHandler.h */ = {isa = PBXFileReference; lastKnownFileType = sourcecode.c.h; path = InputHandler.h; sourceTree = "<group>"; };
		ADD55FBD2033C52500AB85A4 /* InputHandler.m */ = {isa = PBXFileReference; lastKnownFileType = sourcecode.c.objc; path = InputHandler.m; sourceTree = "<group>"; };
		ADD55FBF2033CEB500AB85A4 /* ScoreKeeper.h */ = {isa = PBXFileReference; lastKnownFileType = sourcecode.c.h; path = ScoreKeeper.h; sourceTree = "<group>"; };
		ADD55FC02033CEB500AB85A4 /* ScoreKeeper.m */ = {isa = PBXFileReference; lastKnownFileType = sourcecode.c.objc; path = ScoreKeeper.m; sourceTree = "<group>"; };
/* End PBXFileReference section */

/* Begin PBXFrameworksBuildPhase section */
		ADD55FAC2033921100AB85A4 /* Frameworks */ = {
			isa = PBXFrameworksBuildPhase;
			buildActionMask = 2147483647;
			files = (
			);
			runOnlyForDeploymentPostprocessing = 0;
		};
/* End PBXFrameworksBuildPhase section */

/* Begin PBXGroup section */
		ADD55FA62033921100AB85A4 = {
			isa = PBXGroup;
			children = (
				ADD55FB12033921100AB85A4 /* Maths */,
				ADD55FB02033921100AB85A4 /* Products */,
			);
			sourceTree = "<group>";
		};
		ADD55FB02033921100AB85A4 /* Products */ = {
			isa = PBXGroup;
			children = (
				ADD55FAF2033921100AB85A4 /* Maths */,
			);
			name = Products;
			sourceTree = "<group>";
		};
		ADD55FB12033921100AB85A4 /* Maths */ = {
			isa = PBXGroup;
			children = (
				ADD55FB22033921100AB85A4 /* main.m */,
				AD490F742034DE9C00F81C87 /* QuestionManager.h */,
				AD490F752034DE9C00F81C87 /* QuestionManager.m */,
				AD490F832035335300F81C87 /* QuestionFactory.h */,
				AD490F842035335300F81C87 /* QuestionFactory.m */,
				ADD55FBF2033CEB500AB85A4 /* ScoreKeeper.h */,
				ADD55FC02033CEB500AB85A4 /* ScoreKeeper.m */,
				ADD55FBC2033C52500AB85A4 /* InputHandler.h */,
				ADD55FBD2033C52500AB85A4 /* InputHandler.m */,
				ADD55FB920339B6500AB85A4 /* Question.h */,
				ADD55FBA20339B6500AB85A4 /* Question.m */,
				AD490F7720352DB300F81C87 /* AdditionQuestion.h */,
				AD490F7820352DB300F81C87 /* AdditionQuestion.m */,
				AD490F7A20352DC200F81C87 /* SubtractionQuestion.h */,
				AD490F7B20352DC200F81C87 /* SubtractionQuestion.m */,
				AD490F7D20352DD100F81C87 /* MultiplicationQuestion.h */,
				AD490F7E20352DD100F81C87 /* MultiplicationQuestion.m */,
				AD490F8020352DE000F81C87 /* DivisionQuestion.h */,
				AD490F8120352DE000F81C87 /* DivisionQuestion.m */,
			);
			path = Maths;
			sourceTree = "<group>";
		};
/* End PBXGroup section */

/* Begin PBXNativeTarget section */
		ADD55FAE2033921100AB85A4 /* Maths */ = {
			isa = PBXNativeTarget;
			buildConfigurationList = ADD55FB62033921100AB85A4 /* Build configuration list for PBXNativeTarget "Maths" */;
			buildPhases = (
				ADD55FAB2033921100AB85A4 /* Sources */,
				ADD55FAC2033921100AB85A4 /* Frameworks */,
				ADD55FAD2033921100AB85A4 /* CopyFiles */,
			);
			buildRules = (
			);
			dependencies = (
			);
			name = Maths;
			productName = Maths;
			productReference = ADD55FAF2033921100AB85A4 /* Maths */;
			productType = "com.apple.product-type.tool";
		};
/* End PBXNativeTarget section */

/* Begin PBXProject section */
		ADD55FA72033921100AB85A4 /* Project object */ = {
			isa = PBXProject;
			attributes = {
				LastUpgradeCheck = 0920;
				ORGANIZATIONNAME = "Tyson Parks";
				TargetAttributes = {
					ADD55FAE2033921100AB85A4 = {
						CreatedOnToolsVersion = 9.2;
						ProvisioningStyle = Automatic;
					};
				};
			};
			buildConfigurationList = ADD55FAA2033921100AB85A4 /* Build configuration list for PBXProject "Maths" */;
			compatibilityVersion = "Xcode 8.0";
			developmentRegion = en;
			hasScannedForEncodings = 0;
			knownRegions = (
				en,
			);
			mainGroup = ADD55FA62033921100AB85A4;
			productRefGroup = ADD55FB02033921100AB85A4 /* Products */;
			projectDirPath = "";
			projectRoot = "";
			targets = (
				ADD55FAE2033921100AB85A4 /* Maths */,
			);
		};
/* End PBXProject section */

/* Begin PBXSourcesBuildPhase section */
		ADD55FAB2033921100AB85A4 /* Sources */ = {
			isa = PBXSourcesBuildPhase;
			buildActionMask = 2147483647;
			files = (
				AD490F762034DE9C00F81C87 /* QuestionManager.m in Sources */,
				AD490F7F20352DD100F81C87 /* MultiplicationQuestion.m in Sources */,
				AD490F7920352DB300F81C87 /* AdditionQuestion.m in Sources */,
				AD490F7C20352DC200F81C87 /* SubtractionQuestion.m in Sources */,
				ADD55FC12033CEB500AB85A4 /* ScoreKeeper.m in Sources */,
				ADD55FB32033921100AB85A4 /* main.m in Sources */,
				AD490F8220352DE000F81C87 /* DivisionQuestion.m in Sources */,
				ADD55FBE2033C52500AB85A4 /* InputHandler.m in Sources */,
				AD490F852035335300F81C87 /* QuestionFactory.m in Sources */,
				ADD55FBB20339B6500AB85A4 /* Question.m in Sources */,
			);
			runOnlyForDeploymentPostprocessing = 0;
		};
/* End PBXSourcesBuildPhase section */

/* Begin XCBuildConfiguration section */
		ADD55FB42033921100AB85A4 /* Debug */ = {
			isa = XCBuildConfiguration;
			buildSettings = {
				ALWAYS_SEARCH_USER_PATHS = NO;
				CLANG_ANALYZER_NONNULL = YES;
				CLANG_ANALYZER_NUMBER_OBJECT_CONVERSION = YES_AGGRESSIVE;
				CLANG_CXX_LANGUAGE_STANDARD = "gnu++14";
				CLANG_CXX_LIBRARY = "libc++";
				CLANG_ENABLE_MODULES = YES;
				CLANG_ENABLE_OBJC_ARC = YES;
				CLANG_WARN_BLOCK_CAPTURE_AUTORELEASING = YES;
				CLANG_WARN_BOOL_CONVERSION = YES;
				CLANG_WARN_COMMA = YES;
				CLANG_WARN_CONSTANT_CONVERSION = YES;
				CLANG_WARN_DIRECT_OBJC_ISA_USAGE = YES_ERROR;
				CLANG_WARN_DOCUMENTATION_COMMENTS = YES;
				CLANG_WARN_EMPTY_BODY = YES;
				CLANG_WARN_ENUM_CONVERSION = YES;
				CLANG_WARN_INFINITE_RECURSION = YES;
				CLANG_WARN_INT_CONVERSION = YES;
				CLANG_WARN_NON_LITERAL_NULL_CONVERSION = YES;
				CLANG_WARN_OBJC_LITERAL_CONVERSION = YES;
				CLANG_WARN_OBJC_ROOT_CLASS = YES_ERROR;
				CLANG_WARN_RANGE_LOOP_ANALYSIS = YES;
				CLANG_WARN_STRICT_PROTOTYPES = YES;
				CLANG_WARN_SUSPICIOUS_MOVE = YES;
				CLANG_WARN_UNGUARDED_AVAILABILITY = YES_AGGRESSIVE;
				CLANG_WARN_UNREACHABLE_CODE = YES;
				CLANG_WARN__DUPLICATE_METHOD_MATCH = YES;
				CODE_SIGN_IDENTITY = "-";
				COPY_PHASE_STRIP = NO;
				DEBUG_INFORMATION_FORMAT = dwarf;
				ENABLE_STRICT_OBJC_MSGSEND = YES;
				ENABLE_TESTABILITY = YES;
				GCC_C_LANGUAGE_STANDARD = gnu11;
				GCC_DYNAMIC_NO_PIC = NO;
				GCC_NO_COMMON_BLOCKS = YES;
				GCC_OPTIMIZATION_LEVEL = 0;
				GCC_PREPROCESSOR_DEFINITIONS = (
					"DEBUG=1",
					"$(inherited)",
				);
				GCC_WARN_64_TO_32_BIT_CONVERSION = YES;
				GCC_WARN_ABOUT_RETURN_TYPE = YES_ERROR;
				GCC_WARN_UNDECLARED_SELECTOR = YES;
				GCC_WARN_UNINITIALIZED_AUTOS = YES_AGGRESSIVE;
				GCC_WARN_UNUSED_FUNCTION = YES;
				GCC_WARN_UNUSED_VARIABLE = YES;
				MACOSX_DEPLOYMENT_TARGET = 10.13;
				MTL_ENABLE_DEBUG_INFO = YES;
				ONLY_ACTIVE_ARCH = YES;
				SDKROOT = macosx;
			};
			name = Debug;
		};
		ADD55FB52033921100AB85A4 /* Release */ = {
			isa = XCBuildConfiguration;
			buildSettings = {
				ALWAYS_SEARCH_USER_PATHS = NO;
				CLANG_ANALYZER_NONNULL = YES;
				CLANG_ANALYZER_NUMBER_OBJECT_CONVERSION = YES_AGGRESSIVE;
				CLANG_CXX_LANGUAGE_STANDARD = "gnu++14";
				CLANG_CXX_LIBRARY = "libc++";
				CLANG_ENABLE_MODULES = YES;
				CLANG_ENABLE_OBJC_ARC = YES;
				CLANG_WARN_BLOCK_CAPTURE_AUTORELEASING = YES;
				CLANG_WARN_BOOL_CONVERSION = YES;
				CLANG_WARN_COMMA = YES;
				CLANG_WARN_CONSTANT_CONVERSION = YES;
				CLANG_WARN_DIRECT_OBJC_ISA_USAGE = YES_ERROR;
				CLANG_WARN_DOCUMENTATION_COMMENTS = YES;
				CLANG_WARN_EMPTY_BODY = YES;
				CLANG_WARN_ENUM_CONVERSION = YES;
				CLANG_WARN_INFINITE_RECURSION = YES;
				CLANG_WARN_INT_CONVERSION = YES;
				CLANG_WARN_NON_LITERAL_NULL_CONVERSION = YES;
				CLANG_WARN_OBJC_LITERAL_CONVERSION = YES;
				CLANG_WARN_OBJC_ROOT_CLASS = YES_ERROR;
				CLANG_WARN_RANGE_LOOP_ANALYSIS = YES;
				CLANG_WARN_STRICT_PROTOTYPES = YES;
				CLANG_WARN_SUSPICIOUS_MOVE = YES;
				CLANG_WARN_UNGUARDED_AVAILABILITY = YES_AGGRESSIVE;
				CLANG_WARN_UNREACHABLE_CODE = YES;
				CLANG_WARN__DUPLICATE_METHOD_MATCH = YES;
				CODE_SIGN_IDENTITY = "-";
				COPY_PHASE_STRIP = NO;
				DEBUG_INFORMATION_FORMAT = "dwarf-with-dsym";
				ENABLE_NS_ASSERTIONS = NO;
				ENABLE_STRICT_OBJC_MSGSEND = YES;
				GCC_C_LANGUAGE_STANDARD = gnu11;
				GCC_NO_COMMON_BLOCKS = YES;
				GCC_WARN_64_TO_32_BIT_CONVERSION = YES;
				GCC_WARN_ABOUT_RETURN_TYPE = YES_ERROR;
				GCC_WARN_UNDECLARED_SELECTOR = YES;
				GCC_WARN_UNINITIALIZED_AUTOS = YES_AGGRESSIVE;
				GCC_WARN_UNUSED_FUNCTION = YES;
				GCC_WARN_UNUSED_VARIABLE = YES;
				MACOSX_DEPLOYMENT_TARGET = 10.13;
				MTL_ENABLE_DEBUG_INFO = NO;
				SDKROOT = macosx;
			};
			name = Release;
		};
		ADD55FB72033921100AB85A4 /* Debug */ = {
			isa = XCBuildConfiguration;
			buildSettings = {
				CODE_SIGN_STYLE = Automatic;
				PRODUCT_NAME = "$(TARGET_NAME)";
			};
			name = Debug;
		};
		ADD55FB82033921100AB85A4 /* Release */ = {
			isa = XCBuildConfiguration;
			buildSettings = {
				CODE_SIGN_STYLE = Automatic;
				PRODUCT_NAME = "$(TARGET_NAME)";
			};
			name = Release;
		};
/* End XCBuildConfiguration section */

/* Begin XCConfigurationList section */
		ADD55FAA2033921100AB85A4 /* Build configuration list for PBXProject "Maths" */ = {
			isa = XCConfigurationList;
			buildConfigurations = (
				ADD55FB42033921100AB85A4 /* Debug */,
				ADD55FB52033921100AB85A4 /* Release */,
			);
			defaultConfigurationIsVisible = 0;
			defaultConfigurationName = Release;
		};
		ADD55FB62033921100AB85A4 /* Build configuration list for PBXNativeTarget "Maths" */ = {
			isa = XCConfigurationList;
			buildConfigurations = (
				ADD55FB72033921100AB85A4 /* Debug */,
				ADD55FB82033921100AB85A4 /* Release */,
			);
			defaultConfigurationIsVisible = 0;
			defaultConfigurationName = Release;
		};
/* End XCConfigurationList section */
	};
	rootObject = ADD55FA72033921100AB85A4 /* Project object */;
}
